
Microsoft Visual Studio Solution File, Format Version 12.00
# Visual Studio 14
VisualStudioVersion = 14.0.25123.0
MinimumVisualStudioVersion = 10.0.40219.1
Project("{FAE04EC0-301F-11D3-BF4B-00C04F79EFBC}") = "PokemonGoGetLog", "PokemonGoGetLog\PokemonGoGetLog.csproj", "{FE288DDF-ECA7-4E01-9CBD-12EDD397A045}"
EndProject
Project("{FAE04EC0-301F-11D3-BF4B-00C04F79EFBC}") = "PokemonGoGetLog.Tests", "PokemonGoGetLog.Tests\PokemonGoGetLog.Tests.csproj", "{BFD7A164-7979-4C32-B56D-E694A195C726}"
EndProject
Global
	GlobalSection(SolutionConfigurationPlatforms) = preSolution
		Debug|Any CPU = Debug|Any CPU
		Release|Any CPU = Release|Any CPU
	EndGlobalSection
	GlobalSection(ProjectConfigurationPlatforms) = postSolution
		{FE288DDF-ECA7-4E01-9CBD-12EDD397A045}.Debug|Any CPU.ActiveCfg = Debug|Any CPU
		{FE288DDF-ECA7-4E01-9CBD-12EDD397A045}.Debug|Any CPU.Build.0 = Debug|Any CPU
		{FE288DDF-ECA7-4E01-9CBD-12EDD397A045}.Release|Any CPU.ActiveCfg = Release|Any CPU
		{FE288DDF-ECA7-4E01-9CBD-12EDD397A045}.Release|Any CPU.Build.0 = Release|Any CPU
		{BFD7A164-7979-4C32-B56D-E694A195C726}.Debug|Any CPU.ActiveCfg = Debug|Any CPU
		{BFD7A164-7979-4C32-B56D-E694A195C726}.Debug|Any CPU.Build.0 = Debug|Any CPU
		{BFD7A164-7979-4C32-B56D-E694A195C726}.Release|Any CPU.ActiveCfg = Release|Any CPU
		{BFD7A164-7979-4C32-B56D-E694A195C726}.Release|Any CPU.Build.0 = Release|Any CPU
	EndGlobalSection
	GlobalSection(SolutionProperties) = preSolution
		HideSolutionNode = FALSE
	EndGlobalSection
EndGlobal
